PODS:
  - Alamofire (3.4.0)
  - JSONHelper (1.7.0)
  - RestEssentials (1.0.1)
  - SQLite.swift (0.10.1)
  - SwiftyJSON (2.3.2)

DEPENDENCIES:
  - Alamofire (~> 3.4)
  - JSONHelper (~> 1.7)
  - RestEssentials (~> 1.0)
  - SQLite.swift (~> 0.10)
  - SwiftyJSON

SPEC CHECKSUMS:
  Alamofire: c19a627cefd6a95f840401c49ab1f124e07f54ee
  JSONHelper: b71808273ac60fb9e1878eb115370b0faac14a81
  RestEssentials: 8e89f45c7258e966e4f1228c07a45b090e82f4fc
  SQLite.swift: 6a6e4b034efc317ce4e203b6af2d3024fee2b570
  SwiftyJSON: 04ccea08915aa0109039157c7974cf0298da292a

PODFILE CHECKSUM: 5219ab05944edd54d87040f1ce1353232e6df998

COCOAPODS: 1.0.0
